
Microsoft Visual Studio Solution File, Format Version 12.00
# Visual Studio Version 17
VisualStudioVersion = 17.9.34607.119
MinimumVisualStudioVersion = 10.0.40219.1
Project("{9A19103F-16F7-4668-BE54-9A1E7A4F7556}") = "BlazorEcommerce.Server", "BlazorEcommerce\Server\BlazorEcommerce.Server.csproj", "{DB5DD32E-B5F0-4396-8DF4-F0414523E85F}"
EndProject
Project("{9A19103F-16F7-4668-BE54-9A1E7A4F7556}") = "BlazorEcommerce.Client", "BlazorEcommerce\Client\BlazorEcommerce.Client.csproj", "{B214E4DF-E93E-4E2C-A773-5297CA6B9DB9}"
EndProject
Project("{9A19103F-16F7-4668-BE54-9A1E7A4F7556}") = "BlazorEcommerce.Shared", "BlazorEcommerce\Shared\BlazorEcommerce.Shared.csproj", "{C312A9F1-D3B3-4F8A-8BAB-D135138AE6EE}"
EndProject
Global
	GlobalSection(SolutionConfigurationPlatforms) = preSolution
		Debug|Any CPU = Debug|Any CPU
		Release|Any CPU = Release|Any CPU
	EndGlobalSection
	GlobalSection(ProjectConfigurationPlatforms) = postSolution
		{DB5DD32E-B5F0-4396-8DF4-F0414523E85F}.Debug|Any CPU.ActiveCfg = Debug|Any CPU
		{DB5DD32E-B5F0-4396-8DF4-F0414523E85F}.Debug|Any CPU.Build.0 = Debug|Any CPU
		{DB5DD32E-B5F0-4396-8DF4-F0414523E85F}.Release|Any CPU.ActiveCfg = Release|Any CPU
		{DB5DD32E-B5F0-4396-8DF4-F0414523E85F}.Release|Any CPU.Build.0 = Release|Any CPU
		{B214E4DF-E93E-4E2C-A773-5297CA6B9DB9}.Debug|Any CPU.ActiveCfg = Debug|Any CPU
		{B214E4DF-E93E-4E2C-A773-5297CA6B9DB9}.Debug|Any CPU.Build.0 = Debug|Any CPU
		{B214E4DF-E93E-4E2C-A773-5297CA6B9DB9}.Release|Any CPU.ActiveCfg = Release|Any CPU
		{B214E4DF-E93E-4E2C-A773-5297CA6B9DB9}.Release|Any CPU.Build.0 = Release|Any CPU
		{C312A9F1-D3B3-4F8A-8BAB-D135138AE6EE}.Debug|Any CPU.ActiveCfg = Debug|Any CPU
		{C312A9F1-D3B3-4F8A-8BAB-D135138AE6EE}.Debug|Any CPU.Build.0 = Debug|Any CPU
		{C312A9F1-D3B3-4F8A-8BAB-D135138AE6EE}.Release|Any CPU.ActiveCfg = Release|Any CPU
		{C312A9F1-D3B3-4F8A-8BAB-D135138AE6EE}.Release|Any CPU.Build.0 = Release|Any CPU
	EndGlobalSection
	GlobalSection(SolutionProperties) = preSolution
		HideSolutionNode = FALSE
	EndGlobalSection
	GlobalSection(ExtensibilityGlobals) = postSolution
		SolutionGuid = {440B0815-245D-4834-A17F-E3C2C2761A62}
	EndGlobalSection
EndGlobal
